
Microsoft Visual Studio Solution File, Format Version 12.00
# Visual Studio Version 16
VisualStudioVersion = 16.0.30114.105
MinimumVisualStudioVersion = 10.0.40219.1
Project("{FAE04EC0-301F-11D3-BF4B-00C04F79EFBC}") = "Singer", "Singer\Singer.csproj", "{160C9E0E-BC58-444A-A303-4FFA6500127B}"
EndProject
Project("{FAE04EC0-301F-11D3-BF4B-00C04F79EFBC}") = "Singer.Tests", "Singer.Tests\Singer.Tests.csproj", "{E3176F7C-A766-4573-A3CD-4234C219D5CF}"
EndProject
Global
	GlobalSection(SolutionConfigurationPlatforms) = preSolution
		Debug|Any CPU = Debug|Any CPU
		Debug|x64 = Debug|x64
		Debug|x86 = Debug|x86
		Release|Any CPU = Release|Any CPU
		Release|x64 = Release|x64
		Release|x86 = Release|x86
	EndGlobalSection
	GlobalSection(SolutionProperties) = preSolution
		HideSolutionNode = FALSE
	EndGlobalSection
	GlobalSection(ProjectConfigurationPlatforms) = postSolution
		{160C9E0E-BC58-444A-A303-4FFA6500127B}.Debug|Any CPU.ActiveCfg = Debug|Any CPU
		{160C9E0E-BC58-444A-A303-4FFA6500127B}.Debug|Any CPU.Build.0 = Debug|Any CPU
		{160C9E0E-BC58-444A-A303-4FFA6500127B}.Debug|x64.ActiveCfg = Debug|Any CPU
		{160C9E0E-BC58-444A-A303-4FFA6500127B}.Debug|x64.Build.0 = Debug|Any CPU
		{160C9E0E-BC58-444A-A303-4FFA6500127B}.Debug|x86.ActiveCfg = Debug|Any CPU
		{160C9E0E-BC58-444A-A303-4FFA6500127B}.Debug|x86.Build.0 = Debug|Any CPU
		{160C9E0E-BC58-444A-A303-4FFA6500127B}.Release|Any CPU.ActiveCfg = Release|Any CPU
		{160C9E0E-BC58-444A-A303-4FFA6500127B}.Release|Any CPU.Build.0 = Release|Any CPU
		{160C9E0E-BC58-444A-A303-4FFA6500127B}.Release|x64.ActiveCfg = Release|Any CPU
		{160C9E0E-BC58-444A-A303-4FFA6500127B}.Release|x64.Build.0 = Release|Any CPU
		{160C9E0E-BC58-444A-A303-4FFA6500127B}.Release|x86.ActiveCfg = Release|Any CPU
		{160C9E0E-BC58-444A-A303-4FFA6500127B}.Release|x86.Build.0 = Release|Any CPU
		{E3176F7C-A766-4573-A3CD-4234C219D5CF}.Debug|Any CPU.ActiveCfg = Debug|Any CPU
		{E3176F7C-A766-4573-A3CD-4234C219D5CF}.Debug|Any CPU.Build.0 = Debug|Any CPU
		{E3176F7C-A766-4573-A3CD-4234C219D5CF}.Debug|x64.ActiveCfg = Debug|Any CPU
		{E3176F7C-A766-4573-A3CD-4234C219D5CF}.Debug|x64.Build.0 = Debug|Any CPU
		{E3176F7C-A766-4573-A3CD-4234C219D5CF}.Debug|x86.ActiveCfg = Debug|Any CPU
		{E3176F7C-A766-4573-A3CD-4234C219D5CF}.Debug|x86.Build.0 = Debug|Any CPU
		{E3176F7C-A766-4573-A3CD-4234C219D5CF}.Release|Any CPU.ActiveCfg = Release|Any CPU
		{E3176F7C-A766-4573-A3CD-4234C219D5CF}.Release|Any CPU.Build.0 = Release|Any CPU
		{E3176F7C-A766-4573-A3CD-4234C219D5CF}.Release|x64.ActiveCfg = Release|Any CPU
		{E3176F7C-A766-4573-A3CD-4234C219D5CF}.Release|x64.Build.0 = Release|Any CPU
		{E3176F7C-A766-4573-A3CD-4234C219D5CF}.Release|x86.ActiveCfg = Release|Any CPU
		{E3176F7C-A766-4573-A3CD-4234C219D5CF}.Release|x86.Build.0 = Release|Any CPU
	EndGlobalSection
EndGlobal
